
Microsoft Visual Studio Solution File, Format Version 12.00
# Visual Studio Version 17
VisualStudioVersion = 17.7.34031.279
MinimumVisualStudioVersion = 10.0.40219.1
Project("{FAE04EC0-301F-11D3-BF4B-00C04F79EFBC}") = "game", "game\game.csproj", "{E0455CCD-B0CA-45AD-B7AE-CEA2C0FEA80C}"
EndProject
Global
	GlobalSection(SolutionConfigurationPlatforms) = preSolution
		Debug|Any CPU = Debug|Any CPU
		Release|Any CPU = Release|Any CPU
	EndGlobalSection
	GlobalSection(ProjectConfigurationPlatforms) = postSolution
		{E0455CCD-B0CA-45AD-B7AE-CEA2C0FEA80C}.Debug|Any CPU.ActiveCfg = Debug|Any CPU
		{E0455CCD-B0CA-45AD-B7AE-CEA2C0FEA80C}.Debug|Any CPU.Build.0 = Debug|Any CPU
		{E0455CCD-B0CA-45AD-B7AE-CEA2C0FEA80C}.Release|Any CPU.ActiveCfg = Release|Any CPU
		{E0455CCD-B0CA-45AD-B7AE-CEA2C0FEA80C}.Release|Any CPU.Build.0 = Release|Any CPU
	EndGlobalSection
	GlobalSection(SolutionProperties) = preSolution
		HideSolutionNode = FALSE
	EndGlobalSection
	GlobalSection(ExtensibilityGlobals) = postSolution
		SolutionGuid = {8723B787-A111-4CA7-89D2-AB114B59E049}
	EndGlobalSection
EndGlobal
